
Microsoft Visual Studio Solution File, Format Version 12.00
# Visual Studio Version 16
VisualStudioVersion = 16.0.31702.278
MinimumVisualStudioVersion = 10.0.40219.1
Project("{FAE04EC0-301F-11D3-BF4B-00C04F79EFBC}") = "RestaurantReactApp", "RestaurantReactApp\RestaurantReactApp.csproj", "{00819429-FD8E-445F-9FBD-F036DC0C306B}"
EndProject
Global
	GlobalSection(SolutionConfigurationPlatforms) = preSolution
		Debug|Any CPU = Debug|Any CPU
		Release|Any CPU = Release|Any CPU
	EndGlobalSection
	GlobalSection(ProjectConfigurationPlatforms) = postSolution
		{00819429-FD8E-445F-9FBD-F036DC0C306B}.Debug|Any CPU.ActiveCfg = Debug|Any CPU
		{00819429-FD8E-445F-9FBD-F036DC0C306B}.Debug|Any CPU.Build.0 = Debug|Any CPU
		{00819429-FD8E-445F-9FBD-F036DC0C306B}.Release|Any CPU.ActiveCfg = Release|Any CPU
		{00819429-FD8E-445F-9FBD-F036DC0C306B}.Release|Any CPU.Build.0 = Release|Any CPU
	EndGlobalSection
	GlobalSection(SolutionProperties) = preSolution
		HideSolutionNode = FALSE
	EndGlobalSection
	GlobalSection(ExtensibilityGlobals) = postSolution
		SolutionGuid = {C8526458-D8C7-4D76-90E9-8FA7E28EF1DD}
	EndGlobalSection
EndGlobal
